// !$*UTF8*$!
{
	archiveVersion = 1;
	classes = {
	};
	objectVersion = 46;
	objects = {

/* Begin PBXBuildFile section */
		45AD786D1DC92D690063EC81 /* Main.storyboard in Resources */ = {isa = PBXBuildFile; fileRef = 45AD786B1DC92D690063EC81 /* Main.storyboard */; };
		45F3B4AC1DBFF502003CD40B /* AppDelegate.swift in Sources */ = {isa = PBXBuildFile; fileRef = 45F3B4AB1DBFF502003CD40B /* AppDelegate.swift */; };
		45F3B4AE1DBFF502003CD40B /* ViewController.swift in Sources */ = {isa = PBXBuildFile; fileRef = 45F3B4AD1DBFF502003CD40B /* ViewController.swift */; };
		45F3B4B31DBFF502003CD40B /* Assets.xcassets in Resources */ = {isa = PBXBuildFile; fileRef = 45F3B4B21DBFF502003CD40B /* Assets.xcassets */; };
		45F3B4B61DBFF502003CD40B /* LaunchScreen.storyboard in Resources */ = {isa = PBXBuildFile; fileRef = 45F3B4B41DBFF502003CD40B /* LaunchScreen.storyboard */; };
		45F3B4C11DBFF502003CD40B /* simple_calcTests.swift in Sources */ = {isa = PBXBuildFile; fileRef = 45F3B4C01DBFF502003CD40B /* simple_calcTests.swift */; };
		45F3B4CC1DBFF502003CD40B /* simple_calcUITests.swift in Sources */ = {isa = PBXBuildFile; fileRef = 45F3B4CB1DBFF502003CD40B /* simple_calcUITests.swift */; };
/* End PBXBuildFile section */

/* Begin PBXContainerItemProxy section */
		45F3B4BD1DBFF502003CD40B /* PBXContainerItemProxy */ = {
			isa = PBXContainerItemProxy;
			containerPortal = 45F3B4A01DBFF502003CD40B /* Project object */;
			proxyType = 1;
			remoteGlobalIDString = 45F3B4A71DBFF502003CD40B;
			remoteInfo = "simple-calc";
		};
		45F3B4C81DBFF502003CD40B /* PBXContainerItemProxy */ = {
			isa = PBXContainerItemProxy;
			containerPortal = 45F3B4A01DBFF502003CD40B /* Project object */;
			proxyType = 1;
			remoteGlobalIDString = 45F3B4A71DBFF502003CD40B;
			remoteInfo = "simple-calc";
		};
/* End PBXContainerItemProxy section */

/* Begin PBXFileReference section */
		45AD786C1DC92D690063EC81 /* Base */ = {isa = PBXFileReference; lastKnownFileType = file.storyboard; name = Base; path = Base.lproj/Main.storyboard; sourceTree = "<group>"; };
		45F3B4A81DBFF502003CD40B /* simple-calc-ios-2.app */ = {isa = PBXFileReference; explicitFileType = wrapper.application; includeInIndex = 0; path = "simple-calc-ios-2.app"; sourceTree = BUILT_PRODUCTS_DIR; };
		45F3B4AB1DBFF502003CD40B /* AppDelegate.swift */ = {isa = PBXFileReference; lastKnownFileType = sourcecode.swift; path = AppDelegate.swift; sourceTree = "<group>"; };
		45F3B4AD1DBFF502003CD40B /* ViewController.swift */ = {isa = PBXFileReference; lastKnownFileType = sourcecode.swift; path = ViewController.swift; sourceTree = "<group>"; };
		45F3B4B21DBFF502003CD40B /* Assets.xcassets */ = {isa = PBXFileReference; lastKnownFileType = folder.assetcatalog; path = Assets.xcassets; sourceTree = "<group>"; };
		45F3B4B51DBFF502003CD40B /* Base */ = {isa = PBXFileReference; lastKnownFileType = file.storyboard; name = Base; path = Base.lproj/LaunchScreen.storyboard; sourceTree = "<group>"; };
		45F3B4B71DBFF502003CD40B /* Info.plist */ = {isa = PBXFileReference; lastKnownFileType = text.plist.xml; path = Info.plist; sourceTree = "<group>"; };
		45F3B4BC1DBFF502003CD40B /* simple-calc-ios-2Tests.xctest */ = {isa = PBXFileReference; explicitFileType = wrapper.cfbundle; includeInIndex = 0; path = "simple-calc-ios-2Tests.xctest"; sourceTree = BUILT_PRODUCTS_DIR; };
		45F3B4C01DBFF502003CD40B /* simple_calcTests.swift */ = {isa = PBXFileReference; lastKnownFileType = sourcecode.swift; path = simple_calcTests.swift; sourceTree = "<group>"; };
		45F3B4C21DBFF502003CD40B /* Info.plist */ = {isa = PBXFileReference; lastKnownFileType = text.plist.xml; path = Info.plist; sourceTree = "<group>"; };
		45F3B4C71DBFF502003CD40B /* simple-calc-ios-2UITests.xctest */ = {isa = PBXFileReference; explicitFileType = wrapper.cfbundle; includeInIndex = 0; path = "simple-calc-ios-2UITests.xctest"; sourceTree = BUILT_PRODUCTS_DIR; };
		45F3B4CB1DBFF502003CD40B /* simple_calcUITests.swift */ = {isa = PBXFileReference; lastKnownFileType = sourcecode.swift; path = simple_calcUITests.swift; sourceTree = "<group>"; };
		45F3B4CD1DBFF502003CD40B /* Info.plist */ = {isa = PBXFileReference; lastKnownFileType = text.plist.xml; path = Info.plist; sourceTree = "<group>"; };
/* End PBXFileReference section */

/* Begin PBXFrameworksBuildPhase section */
		45F3B4A51DBFF502003CD40B /* Frameworks */ = {
			isa = PBXFrameworksBuildPhase;
			buildActionMask = 2147483647;
			files = (
			);
			runOnlyForDeploymentPostprocessing = 0;
		};
		45F3B4B91DBFF502003CD40B /* Frameworks */ = {
			isa = PBXFrameworksBuildPhase;
			buildActionMask = 2147483647;
			files = (
			);
			runOnlyForDeploymentPostprocessing = 0;
		};
		45F3B4C41DBFF502003CD40B /* Frameworks */ = {
			isa = PBXFrameworksBuildPhase;
			buildActionMask = 2147483647;
			files = (
			);
			runOnlyForDeploymentPostprocessing = 0;
		};
/* End PBXFrameworksBuildPhase section */

/* Begin PBXGroup section */
		45F3B49F1DBFF502003CD40B = {
			isa = PBXGroup;
			children = (
				45F3B4AA1DBFF502003CD40B /* simple-calc */,
				45F3B4BF1DBFF502003CD40B /* simple-calcTests */,
				45F3B4CA1DBFF502003CD40B /* simple-calcUITests */,
				45F3B4A91DBFF502003CD40B /* Products */,
			);
			sourceTree = "<group>";
		};
		45F3B4A91DBFF502003CD40B /* Products */ = {
			isa = PBXGroup;
			children = (
				45F3B4A81DBFF502003CD40B /* simple-calc-ios-2.app */,
				45F3B4BC1DBFF502003CD40B /* simple-calc-ios-2Tests.xctest */,
				45F3B4C71DBFF502003CD40B /* simple-calc-ios-2UITests.xctest */,
			);
			name = Products;
			sourceTree = "<group>";
		};
		45F3B4AA1DBFF502003CD40B /* simple-calc */ = {
			isa = PBXGroup;
			children = (
				45F3B4AB1DBFF502003CD40B /* AppDelegate.swift */,
				45F3B4AD1DBFF502003CD40B /* ViewController.swift */,
				45F3B4B21DBFF502003CD40B /* Assets.xcassets */,
				45F3B4B41DBFF502003CD40B /* LaunchScreen.storyboard */,
				45AD786B1DC92D690063EC81 /* Main.storyboard */,
				45F3B4B71DBFF502003CD40B /* Info.plist */,
			);
			path = "simple-calc";
			sourceTree = "<group>";
		};
		45F3B4BF1DBFF502003CD40B /* simple-calcTests */ = {
			isa = PBXGroup;
			children = (
				45F3B4C01DBFF502003CD40B /* simple_calcTests.swift */,
				45F3B4C21DBFF502003CD40B /* Info.plist */,
			);
			path = "simple-calcTests";
			sourceTree = "<group>";
		};
		45F3B4CA1DBFF502003CD40B /* simple-calcUITests */ = {
			isa = PBXGroup;
			children = (
				45F3B4CB1DBFF502003CD40B /* simple_calcUITests.swift */,
				45F3B4CD1DBFF502003CD40B /* Info.plist */,
			);
			path = "simple-calcUITests";
			sourceTree = "<group>";
		};
/* End PBXGroup section */

/* Begin PBXNativeTarget section */
		45F3B4A71DBFF502003CD40B /* simple-calc-ios-2 */ = {
			isa = PBXNativeTarget;
			buildConfigurationList = 45F3B4D01DBFF502003CD40B /* Build configuration list for PBXNativeTarget "simple-calc-ios-2" */;
			buildPhases = (
				45F3B4A41DBFF502003CD40B /* Sources */,
				45F3B4A51DBFF502003CD40B /* Frameworks */,
				45F3B4A61DBFF502003CD40B /* Resources */,
			);
			buildRules = (
			);
			dependencies = (
			);
			name = "simple-calc-ios-2";
			productName = "simple-calc";
			productReference = 45F3B4A81DBFF502003CD40B /* simple-calc-ios-2.app */;
			productType = "com.apple.product-type.application";
		};
		45F3B4BB1DBFF502003CD40B /* simple-calc-ios-2Tests */ = {
			isa = PBXNativeTarget;
			buildConfigurationList = 45F3B4D31DBFF502003CD40B /* Build configuration list for PBXNativeTarget "simple-calc-ios-2Tests" */;
			buildPhases = (
				45F3B4B81DBFF502003CD40B /* Sources */,
				45F3B4B91DBFF502003CD40B /* Frameworks */,
				45F3B4BA1DBFF502003CD40B /* Resources */,
			);
			buildRules = (
			);
			dependencies = (
				45F3B4BE1DBFF502003CD40B /* PBXTargetDependency */,
			);
			name = "simple-calc-ios-2Tests";
			productName = "simple-calcTests";
			productReference = 45F3B4BC1DBFF502003CD40B /* simple-calc-ios-2Tests.xctest */;
			productType = "com.apple.product-type.bundle.unit-test";
		};
		45F3B4C61DBFF502003CD40B /* simple-calc-ios-2UITests */ = {
			isa = PBXNativeTarget;
			buildConfigurationList = 45F3B4D61DBFF502003CD40B /* Build configuration list for PBXNativeTarget "simple-calc-ios-2UITests" */;
			buildPhases = (
				45F3B4C31DBFF502003CD40B /* Sources */,
				45F3B4C41DBFF502003CD40B /* Frameworks */,
				45F3B4C51DBFF502003CD40B /* Resources */,
			);
			buildRules = (
			);
			dependencies = (
				45F3B4C91DBFF502003CD40B /* PBXTargetDependency */,
			);
			name = "simple-calc-ios-2UITests";
			productName = "simple-calcUITests";
			productReference = 45F3B4C71DBFF502003CD40B /* simple-calc-ios-2UITests.xctest */;
			productType = "com.apple.product-type.bundle.ui-testing";
		};
/* End PBXNativeTarget section */

/* Begin PBXProject section */
		45F3B4A01DBFF502003CD40B /* Project object */ = {
			isa = PBXProject;
			attributes = {
				LastSwiftUpdateCheck = 0800;
				LastUpgradeCheck = 0800;
				ORGANIZATIONNAME = Just;
				TargetAttributes = {
					45F3B4A71DBFF502003CD40B = {
						CreatedOnToolsVersion = 8.0;
						DevelopmentTeam = E6B7FJXSWV;
						ProvisioningStyle = Automatic;
					};
					45F3B4BB1DBFF502003CD40B = {
						CreatedOnToolsVersion = 8.0;
						DevelopmentTeam = E6B7FJXSWV;
						ProvisioningStyle = Automatic;
						TestTargetID = 45F3B4A71DBFF502003CD40B;
					};
					45F3B4C61DBFF502003CD40B = {
						CreatedOnToolsVersion = 8.0;
						DevelopmentTeam = E6B7FJXSWV;
						ProvisioningStyle = Automatic;
						TestTargetID = 45F3B4A71DBFF502003CD40B;
					};
				};
			};
			buildConfigurationList = 45F3B4A31DBFF502003CD40B /* Build configuration list for PBXProject "simple-calc-ios-2" */;
			compatibilityVersion = "Xcode 3.2";
			developmentRegion = English;
			hasScannedForEncodings = 0;
			knownRegions = (
				en,
				Base,
			);
			mainGroup = 45F3B49F1DBFF502003CD40B;
			productRefGroup = 45F3B4A91DBFF502003CD40B /* Products */;
			projectDirPath = "";
			projectRoot = "";
			targets = (
				45F3B4A71DBFF502003CD40B /* simple-calc-ios-2 */,
				45F3B4BB1DBFF502003CD40B /* simple-calc-ios-2Tests */,
				45F3B4C61DBFF502003CD40B /* simple-calc-ios-2UITests */,
			);
		};
/* End PBXProject section */

/* Begin PBXResourcesBuildPhase section */
		45F3B4A61DBFF502003CD40B /* Resources */ = {
			isa = PBXResourcesBuildPhase;
			buildActionMask = 2147483647;
			files = (
				45AD786D1DC92D690063EC81 /* Main.storyboard in Resources */,
				45F3B4B61DBFF502003CD40B /* LaunchScreen.storyboard in Resources */,
				45F3B4B31DBFF502003CD40B /* Assets.xcassets in Resources */,
			);
			runOnlyForDeploymentPostprocessing = 0;
		};
		45F3B4BA1DBFF502003CD40B /* Resources */ = {
			isa = PBXResourcesBuildPhase;
			buildActionMask = 2147483647;
			files = (
			);
			runOnlyForDeploymentPostprocessing = 0;
		};
		45F3B4C51DBFF502003CD40B /* Resources */ = {
			isa = PBXResourcesBuildPhase;
			buildActionMask = 2147483647;
			files = (
			);
			runOnlyForDeploymentPostprocessing = 0;
		};
/* End PBXResourcesBuildPhase section */

/* Begin PBXSourcesBuildPhase section */
		45F3B4A41DBFF502003CD40B /* Sources */ = {
			isa = PBXSourcesBuildPhase;
			buildActionMask = 2147483647;
			files = (
				45F3B4AE1DBFF502003CD40B /* ViewController.swift in Sources */,
				45F3B4AC1DBFF502003CD40B /* AppDelegate.swift in Sources */,
			);
			runOnlyForDeploymentPostprocessing = 0;
		};
		45F3B4B81DBFF502003CD40B /* Sources */ = {
			isa = PBXSourcesBuildPhase;
			buildActionMask = 2147483647;
			files = (
				45F3B4C11DBFF502003CD40B /* simple_calcTests.swift in Sources */,
			);
			runOnlyForDeploymentPostprocessing = 0;
		};
		45F3B4C31DBFF502003CD40B /* Sources */ = {
			isa = PBXSourcesBuildPhase;
			buildActionMask = 2147483647;
			files = (
				45F3B4CC1DBFF502003CD40B /* simple_calcUITests.swift in Sources */,
			);
			runOnlyForDeploymentPostprocessing = 0;
		};
/* End PBXSourcesBuildPhase section */

/* Begin PBXTargetDependency section */
		45F3B4BE1DBFF502003CD40B /* PBXTargetDependency */ = {
			isa = PBXTargetDependency;
			target = 45F3B4A71DBFF502003CD40B /* simple-calc-ios-2 */;
			targetProxy = 45F3B4BD1DBFF502003CD40B /* PBXContainerItemProxy */;
		};
		45F3B4C91DBFF502003CD40B /* PBXTargetDependency */ = {
			isa = PBXTargetDependency;
			target = 45F3B4A71DBFF502003CD40B /* simple-calc-ios-2 */;
			targetProxy = 45F3B4C81DBFF502003CD40B /* PBXContainerItemProxy */;
		};
/* End PBXTargetDependency section */

/* Begin PBXVariantGroup section */
		45AD786B1DC92D690063EC81 /* Main.storyboard */ = {
			isa = PBXVariantGroup;
			children = (
				45AD786C1DC92D690063EC81 /* Base */,
			);
			name = Main.storyboard;
			sourceTree = "<group>";
		};
		45F3B4B41DBFF502003CD40B /* LaunchScreen.storyboard */ = {
			isa = PBXVariantGroup;
			children = (
				45F3B4B51DBFF502003CD40B /* Base */,
			);
			name = LaunchScreen.storyboard;
			sourceTree = "<group>";
		};
/* End PBXVariantGroup section */

/* Begin XCBuildConfiguration section */
		45F3B4CE1DBFF502003CD40B /* Debug */ = {
			isa = XCBuildConfiguration;
			buildSettings = {
				ALWAYS_SEARCH_USER_PATHS = NO;
				CLANG_ANALYZER_NONNULL = YES;
				CLANG_CXX_LANGUAGE_STANDARD = "gnu++0x";
				CLANG_CXX_LIBRARY = "libc++";
				CLANG_ENABLE_MODULES = YES;
				CLANG_ENABLE_OBJC_ARC = YES;
				CLANG_WARN_BOOL_CONVERSION = YES;
				CLANG_WARN_CONSTANT_CONVERSION = YES;
				CLANG_WARN_DIRECT_OBJC_ISA_USAGE = YES_ERROR;
				CLANG_WARN_DOCUMENTATION_COMMENTS = YES;
				CLANG_WARN_EMPTY_BODY = YES;
				CLANG_WARN_ENUM_CONVERSION = YES;
				CLANG_WARN_INFINITE_RECURSION = YES;
				CLANG_WARN_INT_CONVERSION = YES;
				CLANG_WARN_OBJC_ROOT_CLASS = YES_ERROR;
				CLANG_WARN_SUSPICIOUS_MOVES = YES;
				CLANG_WARN_UNREACHABLE_CODE = YES;
				CLANG_WARN__DUPLICATE_METHOD_MATCH = YES;
				"CODE_SIGN_IDENTITY[sdk=iphoneos*]" = "iPhone Developer";
				COPY_PHASE_STRIP = NO;
				DEBUG_INFORMATION_FORMAT = dwarf;
				ENABLE_STRICT_OBJC_MSGSEND = YES;
				ENABLE_TESTABILITY = YES;
				GCC_C_LANGUAGE_STANDARD = gnu99;
				GCC_DYNAMIC_NO_PIC = NO;
				GCC_NO_COMMON_BLOCKS = YES;
				GCC_OPTIMIZATION_LEVEL = 0;
				GCC_PREPROCESSOR_DEFINITIONS = (
					"DEBUG=1",
					"$(inherited)",
				);
				GCC_WARN_64_TO_32_BIT_CONVERSION = YES;
				GCC_WARN_ABOUT_RETURN_TYPE = YES_ERROR;
				GCC_WARN_UNDECLARED_SELECTOR = YES;
				GCC_WARN_UNINITIALIZED_AUTOS = YES_AGGRESSIVE;
				GCC_WARN_UNUSED_FUNCTION = YES;
				GCC_WARN_UNUSED_VARIABLE = YES;
				IPHONEOS_DEPLOYMENT_TARGET = 10.0;
				MTL_ENABLE_DEBUG_INFO = YES;
				ONLY_ACTIVE_ARCH = YES;
				SDKROOT = iphoneos;
				SWIFT_ACTIVE_COMPILATION_CONDITIONS = DEBUG;
				SWIFT_OPTIMIZATION_LEVEL = "-Onone";
				TARGETED_DEVICE_FAMILY = "1,2";
			};
			name = Debug;
		};
		45F3B4CF1DBFF502003CD40B /* Release */ = {
			isa = XCBuildConfiguration;
			buildSettings = {
				ALWAYS_SEARCH_USER_PATHS = NO;
				CLANG_ANALYZER_NONNULL = YES;
				CLANG_CXX_LANGUAGE_STANDARD = "gnu++0x";
				CLANG_CXX_LIBRARY = "libc++";
				CLANG_ENABLE_MODULES = YES;
				CLANG_ENABLE_OBJC_ARC = YES;
				CLANG_WARN_BOOL_CONVERSION = YES;
				CLANG_WARN_CONSTANT_CONVERSION = YES;
				CLANG_WARN_DIRECT_OBJC_ISA_USAGE = YES_ERROR;
				CLANG_WARN_DOCUMENTATION_COMMENTS = YES;
				CLANG_WARN_EMPTY_BODY = YES;
				CLANG_WARN_ENUM_CONVERSION = YES;
				CLANG_WARN_INFINITE_RECURSION = YES;
				CLANG_WARN_INT_CONVERSION = YES;
				CLANG_WARN_OBJC_ROOT_CLASS = YES_ERROR;
				CLANG_WARN_SUSPICIOUS_MOVES = YES;
				CLANG_WARN_UNREACHABLE_CODE = YES;
				CLANG_WARN__DUPLICATE_METHOD_MATCH = YES;
				"CODE_SIGN_IDENTITY[sdk=iphoneos*]" = "iPhone Developer";
				COPY_PHASE_STRIP = NO;
				DEBUG_INFORMATION_FORMAT = "dwarf-with-dsym";
				ENABLE_NS_ASSERTIONS = NO;
				ENABLE_STRICT_OBJC_MSGSEND = YES;
				GCC_C_LANGUAGE_STANDARD = gnu99;
				GCC_NO_COMMON_BLOCKS = YES;
				GCC_WARN_64_TO_32_BIT_CONVERSION = YES;
				GCC_WARN_ABOUT_RETURN_TYPE = YES_ERROR;
				GCC_WARN_UNDECLARED_SELECTOR = YES;
				GCC_WARN_UNINITIALIZED_AUTOS = YES_AGGRESSIVE;
				GCC_WARN_UNUSED_FUNCTION = YES;
				GCC_WARN_UNUSED_VARIABLE = YES;
				IPHONEOS_DEPLOYMENT_TARGET = 10.0;
				MTL_ENABLE_DEBUG_INFO = NO;
				SDKROOT = iphoneos;
				SWIFT_OPTIMIZATION_LEVEL = "-Owholemodule";
				TARGETED_DEVICE_FAMILY = "1,2";
				VALIDATE_PRODUCT = YES;
			};
			name = Release;
		};
		45F3B4D11DBFF502003CD40B /* Debug */ = {
			isa = XCBuildConfiguration;
			buildSettings = {
				ASSETCATALOG_COMPILER_APPICON_NAME = AppIcon;
				DEVELOPMENT_TEAM = E6B7FJXSWV;
				INFOPLIST_FILE = "simple-calc/Info.plist";
				LD_RUNPATH_SEARCH_PATHS = "$(inherited) @executable_path/Frameworks";
				PRODUCT_BUNDLE_IDENTIFIER = "zoexiong.info.simple-calc";
				PRODUCT_NAME = "$(TARGET_NAME)";
				SWIFT_VERSION = 3.0;
			};
			name = Debug;
		};
		45F3B4D21DBFF502003CD40B /* Release */ = {
			isa = XCBuildConfiguration;
			buildSettings = {
				ASSETCATALOG_COMPILER_APPICON_NAME = AppIcon;
				DEVELOPMENT_TEAM = E6B7FJXSWV;
				INFOPLIST_FILE = "simple-calc/Info.plist";
				LD_RUNPATH_SEARCH_PATHS = "$(inherited) @executable_path/Frameworks";
				PRODUCT_BUNDLE_IDENTIFIER = "zoexiong.info.simple-calc";
				PRODUCT_NAME = "$(TARGET_NAME)";
				SWIFT_VERSION = 3.0;
			};
			name = Release;
		};
		45F3B4D41DBFF502003CD40B /* Debug */ = {
			isa = XCBuildConfiguration;
			buildSettings = {
				ALWAYS_EMBED_SWIFT_STANDARD_LIBRARIES = YES;
				BUNDLE_LOADER = "$(TEST_HOST)";
				DEVELOPMENT_TEAM = E6B7FJXSWV;
				INFOPLIST_FILE = "simple-calcTests/Info.plist";
				LD_RUNPATH_SEARCH_PATHS = "$(inherited) @executable_path/Frameworks @loader_path/Frameworks";
				PRODUCT_BUNDLE_IDENTIFIER = "zoexiong.info.simple-calcTests";
				PRODUCT_NAME = "$(TARGET_NAME)";
				SWIFT_VERSION = 3.0;
				TEST_HOST = "$(BUILT_PRODUCTS_DIR)/simple-calc-ios-2.app/simple-calc-ios-2";
			};
			name = Debug;
		};
		45F3B4D51DBFF502003CD40B /* Release */ = {
			isa = XCBuildConfiguration;
			buildSettings = {
				ALWAYS_EMBED_SWIFT_STANDARD_LIBRARIES = YES;
				BUNDLE_LOADER = "$(TEST_HOST)";
				DEVELOPMENT_TEAM = E6B7FJXSWV;
				INFOPLIST_FILE = "simple-calcTests/Info.plist";
				LD_RUNPATH_SEARCH_PATHS = "$(inherited) @executable_path/Frameworks @loader_path/Frameworks";
				PRODUCT_BUNDLE_IDENTIFIER = "zoexiong.info.simple-calcTests";
				PRODUCT_NAME = "$(TARGET_NAME)";
				SWIFT_VERSION = 3.0;
				TEST_HOST = "$(BUILT_PRODUCTS_DIR)/simple-calc-ios-2.app/simple-calc-ios-2";
			};
			name = Release;
		};
		45F3B4D71DBFF502003CD40B /* Debug */ = {
			isa = XCBuildConfiguration;
			buildSettings = {
				ALWAYS_EMBED_SWIFT_STANDARD_LIBRARIES = YES;
				DEVELOPMENT_TEAM = E6B7FJXSWV;
				INFOPLIST_FILE = "simple-calcUITests/Info.plist";
				LD_RUNPATH_SEARCH_PATHS = "$(inherited) @executable_path/Frameworks @loader_path/Frameworks";
				PRODUCT_BUNDLE_IDENTIFIER = "zoexiong.info.simple-calcUITests";
				PRODUCT_NAME = "$(TARGET_NAME)";
				SWIFT_VERSION = 3.0;
				TEST_TARGET_NAME = "simple-calc";
			};
			name = Debug;
		};
		45F3B4D81DBFF502003CD40B /* Release */ = {
			isa = XCBuildConfiguration;
			buildSettings = {
				ALWAYS_EMBED_SWIFT_STANDARD_LIBRARIES = YES;
				DEVELOPMENT_TEAM = E6B7FJXSWV;
				INFOPLIST_FILE = "simple-calcUITests/Info.plist";
				LD_RUNPATH_SEARCH_PATHS = "$(inherited) @executable_path/Frameworks @loader_path/Frameworks";
				PRODUCT_BUNDLE_IDENTIFIER = "zoexiong.info.simple-calcUITests";
				PRODUCT_NAME = "$(TARGET_NAME)";
				SWIFT_VERSION = 3.0;
				TEST_TARGET_NAME = "simple-calc";
			};
			name = Release;
		};
/* End XCBuildConfiguration section */

/* Begin XCConfigurationList section */
		45F3B4A31DBFF502003CD40B /* Build configuration list for PBXProject "simple-calc-ios-2" */ = {
			isa = XCConfigurationList;
			buildConfigurations = (
				45F3B4CE1DBFF502003CD40B /* Debug */,
				45F3B4CF1DBFF502003CD40B /* Release */,
			);
			defaultConfigurationIsVisible = 0;
			defaultConfigurationName = Release;
		};
		45F3B4D01DBFF502003CD40B /* Build configuration list for PBXNativeTarget "simple-calc-ios-2" */ = {
			isa = XCConfigurationList;
			buildConfigurations = (
				45F3B4D11DBFF502003CD40B /* Debug */,
				45F3B4D21DBFF502003CD40B /* Release */,
			);
			defaultConfigurationIsVisible = 0;
			defaultConfigurationName = Release;
		};
		45F3B4D31DBFF502003CD40B /* Build configuration list for PBXNativeTarget "simple-calc-ios-2Tests" */ = {
			isa = XCConfigurationList;
			buildConfigurations = (
				45F3B4D41DBFF502003CD40B /* Debug */,
				45F3B4D51DBFF502003CD40B /* Release */,
			);
			defaultConfigurationIsVisible = 0;
			defaultConfigurationName = Release;
		};
		45F3B4D61DBFF502003CD40B /* Build configuration list for PBXNativeTarget "simple-calc-ios-2UITests" */ = {
			isa = XCConfigurationList;
			buildConfigurations = (
				45F3B4D71DBFF502003CD40B /* Debug */,
				45F3B4D81DBFF502003CD40B /* Release */,
			);
			defaultConfigurationIsVisible = 0;
			defaultConfigurationName = Release;
		};
/* End XCConfigurationList section */
	};
	rootObject = 45F3B4A01DBFF502003CD40B /* Project object */;
}
